// !$*UTF8*$!
{
	archiveVersion = 1;
	classes = {
	};
	objectVersion = 50;
	objects = {

/* Begin PBXBuildFile section */
		22CF4ED0266605710005E810 /* AppDelegate.swift in Sources */ = {isa = PBXBuildFile; fileRef = 22CF4ECF266605710005E810 /* AppDelegate.swift */; };
		22CF4ED2266605710005E810 /* SceneDelegate.swift in Sources */ = {isa = PBXBuildFile; fileRef = 22CF4ED1266605710005E810 /* SceneDelegate.swift */; };
		22CF4ED4266605710005E810 /* ViewController.swift in Sources */ = {isa = PBXBuildFile; fileRef = 22CF4ED3266605710005E810 /* ViewController.swift */; };
		22CF4ED7266605710005E810 /* Main.storyboard in Resources */ = {isa = PBXBuildFile; fileRef = 22CF4ED5266605710005E810 /* Main.storyboard */; };
		22CF4ED9266605720005E810 /* Assets.xcassets in Resources */ = {isa = PBXBuildFile; fileRef = 22CF4ED8266605720005E810 /* Assets.xcassets */; };
		22CF4EDC266605720005E810 /* LaunchScreen.storyboard in Resources */ = {isa = PBXBuildFile; fileRef = 22CF4EDA266605720005E810 /* LaunchScreen.storyboard */; };
		22CF4EE7266605720005E810 /* PalindromeTests.swift in Sources */ = {isa = PBXBuildFile; fileRef = 22CF4EE6266605720005E810 /* PalindromeTests.swift */; };
		22CF4EF2266605720005E810 /* PalindromeUITests.swift in Sources */ = {isa = PBXBuildFile; fileRef = 22CF4EF1266605720005E810 /* PalindromeUITests.swift */; };
/* End PBXBuildFile section */

/* Begin PBXContainerItemProxy section */
		22CF4EE3266605720005E810 /* PBXContainerItemProxy */ = {
			isa = PBXContainerItemProxy;
			containerPortal = 22CF4EC4266605710005E810 /* Project object */;
			proxyType = 1;
			remoteGlobalIDString = 22CF4ECB266605710005E810;
			remoteInfo = Palindrome;
		};
		22CF4EEE266605720005E810 /* PBXContainerItemProxy */ = {
			isa = PBXContainerItemProxy;
			containerPortal = 22CF4EC4266605710005E810 /* Project object */;
			proxyType = 1;
			remoteGlobalIDString = 22CF4ECB266605710005E810;
			remoteInfo = Palindrome;
		};
/* End PBXContainerItemProxy section */

/* Begin PBXFileReference section */
		22CF4ECC266605710005E810 /* Palindrome.app */ = {isa = PBXFileReference; explicitFileType = wrapper.application; includeInIndex = 0; path = Palindrome.app; sourceTree = BUILT_PRODUCTS_DIR; };
		22CF4ECF266605710005E810 /* AppDelegate.swift */ = {isa = PBXFileReference; lastKnownFileType = sourcecode.swift; path = AppDelegate.swift; sourceTree = "<group>"; };
		22CF4ED1266605710005E810 /* SceneDelegate.swift */ = {isa = PBXFileReference; lastKnownFileType = sourcecode.swift; path = SceneDelegate.swift; sourceTree = "<group>"; };
		22CF4ED3266605710005E810 /* ViewController.swift */ = {isa = PBXFileReference; lastKnownFileType = sourcecode.swift; path = ViewController.swift; sourceTree = "<group>"; };
		22CF4ED6266605710005E810 /* Base */ = {isa = PBXFileReference; lastKnownFileType = file.storyboard; name = Base; path = Base.lproj/Main.storyboard; sourceTree = "<group>"; };
		22CF4ED8266605720005E810 /* Assets.xcassets */ = {isa = PBXFileReference; lastKnownFileType = folder.assetcatalog; path = Assets.xcassets; sourceTree = "<group>"; };
		22CF4EDB266605720005E810 /* Base */ = {isa = PBXFileReference; lastKnownFileType = file.storyboard; name = Base; path = Base.lproj/LaunchScreen.storyboard; sourceTree = "<group>"; };
		22CF4EDD266605720005E810 /* Info.plist */ = {isa = PBXFileReference; lastKnownFileType = text.plist.xml; path = Info.plist; sourceTree = "<group>"; };
		22CF4EE2266605720005E810 /* PalindromeTests.xctest */ = {isa = PBXFileReference; explicitFileType = wrapper.cfbundle; includeInIndex = 0; path = PalindromeTests.xctest; sourceTree = BUILT_PRODUCTS_DIR; };
		22CF4EE6266605720005E810 /* PalindromeTests.swift */ = {isa = PBXFileReference; lastKnownFileType = sourcecode.swift; path = PalindromeTests.swift; sourceTree = "<group>"; };
		22CF4EE8266605720005E810 /* Info.plist */ = {isa = PBXFileReference; lastKnownFileType = text.plist.xml; path = Info.plist; sourceTree = "<group>"; };
		22CF4EED266605720005E810 /* PalindromeUITests.xctest */ = {isa = PBXFileReference; explicitFileType = wrapper.cfbundle; includeInIndex = 0; path = PalindromeUITests.xctest; sourceTree = BUILT_PRODUCTS_DIR; };
		22CF4EF1266605720005E810 /* PalindromeUITests.swift */ = {isa = PBXFileReference; lastKnownFileType = sourcecode.swift; path = PalindromeUITests.swift; sourceTree = "<group>"; };
		22CF4EF3266605720005E810 /* Info.plist */ = {isa = PBXFileReference; lastKnownFileType = text.plist.xml; path = Info.plist; sourceTree = "<group>"; };
/* End PBXFileReference section */

/* Begin PBXFrameworksBuildPhase section */
		22CF4EC9266605710005E810 /* Frameworks */ = {
			isa = PBXFrameworksBuildPhase;
			buildActionMask = 2147483647;
			files = (
			);
			runOnlyForDeploymentPostprocessing = 0;
		};
		22CF4EDF266605720005E810 /* Frameworks */ = {
			isa = PBXFrameworksBuildPhase;
			buildActionMask = 2147483647;
			files = (
			);
			runOnlyForDeploymentPostprocessing = 0;
		};
		22CF4EEA266605720005E810 /* Frameworks */ = {
			isa = PBXFrameworksBuildPhase;
			buildActionMask = 2147483647;
			files = (
			);
			runOnlyForDeploymentPostprocessing = 0;
		};
/* End PBXFrameworksBuildPhase section */

/* Begin PBXGroup section */
		22CF4EC3266605710005E810 = {
			isa = PBXGroup;
			children = (
				22CF4ECE266605710005E810 /* Palindrome */,
				22CF4EE5266605720005E810 /* PalindromeTests */,
				22CF4EF0266605720005E810 /* PalindromeUITests */,
				22CF4ECD266605710005E810 /* Products */,
			);
			sourceTree = "<group>";
		};
		22CF4ECD266605710005E810 /* Products */ = {
			isa = PBXGroup;
			children = (
				22CF4ECC266605710005E810 /* Palindrome.app */,
				22CF4EE2266605720005E810 /* PalindromeTests.xctest */,
				22CF4EED266605720005E810 /* PalindromeUITests.xctest */,
			);
			name = Products;
			sourceTree = "<group>";
		};
		22CF4ECE266605710005E810 /* Palindrome */ = {
			isa = PBXGroup;
			children = (
				22CF4ECF266605710005E810 /* AppDelegate.swift */,
				22CF4ED1266605710005E810 /* SceneDelegate.swift */,
				22CF4ED3266605710005E810 /* ViewController.swift */,
				22CF4ED5266605710005E810 /* Main.storyboard */,
				22CF4ED8266605720005E810 /* Assets.xcassets */,
				22CF4EDA266605720005E810 /* LaunchScreen.storyboard */,
				22CF4EDD266605720005E810 /* Info.plist */,
			);
			path = Palindrome;
			sourceTree = "<group>";
		};
		22CF4EE5266605720005E810 /* PalindromeTests */ = {
			isa = PBXGroup;
			children = (
				22CF4EE6266605720005E810 /* PalindromeTests.swift */,
				22CF4EE8266605720005E810 /* Info.plist */,
			);
			path = PalindromeTests;
			sourceTree = "<group>";
		};
		22CF4EF0266605720005E810 /* PalindromeUITests */ = {
			isa = PBXGroup;
			children = (
				22CF4EF1266605720005E810 /* PalindromeUITests.swift */,
				22CF4EF3266605720005E810 /* Info.plist */,
			);
			path = PalindromeUITests;
			sourceTree = "<group>";
		};
/* End PBXGroup section */

/* Begin PBXNativeTarget section */
		22CF4ECB266605710005E810 /* Palindrome */ = {
			isa = PBXNativeTarget;
			buildConfigurationList = 22CF4EF6266605720005E810 /* Build configuration list for PBXNativeTarget "Palindrome" */;
			buildPhases = (
				22CF4EC8266605710005E810 /* Sources */,
				22CF4EC9266605710005E810 /* Frameworks */,
				22CF4ECA266605710005E810 /* Resources */,
			);
			buildRules = (
			);
			dependencies = (
			);
			name = Palindrome;
			productName = Palindrome;
			productReference = 22CF4ECC266605710005E810 /* Palindrome.app */;
			productType = "com.apple.product-type.application";
		};
		22CF4EE1266605720005E810 /* PalindromeTests */ = {
			isa = PBXNativeTarget;
			buildConfigurationList = 22CF4EF9266605720005E810 /* Build configuration list for PBXNativeTarget "PalindromeTests" */;
			buildPhases = (
				22CF4EDE266605720005E810 /* Sources */,
				22CF4EDF266605720005E810 /* Frameworks */,
				22CF4EE0266605720005E810 /* Resources */,
			);
			buildRules = (
			);
			dependencies = (
				22CF4EE4266605720005E810 /* PBXTargetDependency */,
			);
			name = PalindromeTests;
			productName = PalindromeTests;
			productReference = 22CF4EE2266605720005E810 /* PalindromeTests.xctest */;
			productType = "com.apple.product-type.bundle.unit-test";
		};
		22CF4EEC266605720005E810 /* PalindromeUITests */ = {
			isa = PBXNativeTarget;
			buildConfigurationList = 22CF4EFC266605720005E810 /* Build configuration list for PBXNativeTarget "PalindromeUITests" */;
			buildPhases = (
				22CF4EE9266605720005E810 /* Sources */,
				22CF4EEA266605720005E810 /* Frameworks */,
				22CF4EEB266605720005E810 /* Resources */,
			);
			buildRules = (
			);
			dependencies = (
				22CF4EEF266605720005E810 /* PBXTargetDependency */,
			);
			name = PalindromeUITests;
			productName = PalindromeUITests;
			productReference = 22CF4EED266605720005E810 /* PalindromeUITests.xctest */;
			productType = "com.apple.product-type.bundle.ui-testing";
		};
/* End PBXNativeTarget section */

/* Begin PBXProject section */
		22CF4EC4266605710005E810 /* Project object */ = {
			isa = PBXProject;
			attributes = {
				LastSwiftUpdateCheck = 1240;
				LastUpgradeCheck = 1240;
				TargetAttributes = {
					22CF4ECB266605710005E810 = {
						CreatedOnToolsVersion = 12.4;
					};
					22CF4EE1266605720005E810 = {
						CreatedOnToolsVersion = 12.4;
						TestTargetID = 22CF4ECB266605710005E810;
					};
					22CF4EEC266605720005E810 = {
						CreatedOnToolsVersion = 12.4;
						TestTargetID = 22CF4ECB266605710005E810;
					};
				};
			};
			buildConfigurationList = 22CF4EC7266605710005E810 /* Build configuration list for PBXProject "Palindrome" */;
			compatibilityVersion = "Xcode 9.3";
			developmentRegion = en;
			hasScannedForEncodings = 0;
			knownRegions = (
				en,
				Base,
			);
			mainGroup = 22CF4EC3266605710005E810;
			productRefGroup = 22CF4ECD266605710005E810 /* Products */;
			projectDirPath = "";
			projectRoot = "";
			targets = (
				22CF4ECB266605710005E810 /* Palindrome */,
				22CF4EE1266605720005E810 /* PalindromeTests */,
				22CF4EEC266605720005E810 /* PalindromeUITests */,
			);
		};
/* End PBXProject section */

/* Begin PBXResourcesBuildPhase section */
		22CF4ECA266605710005E810 /* Resources */ = {
			isa = PBXResourcesBuildPhase;
			buildActionMask = 2147483647;
			files = (
				22CF4EDC266605720005E810 /* LaunchScreen.storyboard in Resources */,
				22CF4ED9266605720005E810 /* Assets.xcassets in Resources */,
				22CF4ED7266605710005E810 /* Main.storyboard in Resources */,
			);
			runOnlyForDeploymentPostprocessing = 0;
		};
		22CF4EE0266605720005E810 /* Resources */ = {
			isa = PBXResourcesBuildPhase;
			buildActionMask = 2147483647;
			files = (
			);
			runOnlyForDeploymentPostprocessing = 0;
		};
		22CF4EEB266605720005E810 /* Resources */ = {
			isa = PBXResourcesBuildPhase;
			buildActionMask = 2147483647;
			files = (
			);
			runOnlyForDeploymentPostprocessing = 0;
		};
/* End PBXResourcesBuildPhase section */

/* Begin PBXSourcesBuildPhase section */
		22CF4EC8266605710005E810 /* Sources */ = {
			isa = PBXSourcesBuildPhase;
			buildActionMask = 2147483647;
			files = (
				22CF4ED4266605710005E810 /* ViewController.swift in Sources */,
				22CF4ED0266605710005E810 /* AppDelegate.swift in Sources */,
				22CF4ED2266605710005E810 /* SceneDelegate.swift in Sources */,
			);
			runOnlyForDeploymentPostprocessing = 0;
		};
		22CF4EDE266605720005E810 /* Sources */ = {
			isa = PBXSourcesBuildPhase;
			buildActionMask = 2147483647;
			files = (
				22CF4EE7266605720005E810 /* PalindromeTests.swift in Sources */,
			);
			runOnlyForDeploymentPostprocessing = 0;
		};
		22CF4EE9266605720005E810 /* Sources */ = {
			isa = PBXSourcesBuildPhase;
			buildActionMask = 2147483647;
			files = (
				22CF4EF2266605720005E810 /* PalindromeUITests.swift in Sources */,
			);
			runOnlyForDeploymentPostprocessing = 0;
		};
/* End PBXSourcesBuildPhase section */

/* Begin PBXTargetDependency section */
		22CF4EE4266605720005E810 /* PBXTargetDependency */ = {
			isa = PBXTargetDependency;
			target = 22CF4ECB266605710005E810 /* Palindrome */;
			targetProxy = 22CF4EE3266605720005E810 /* PBXContainerItemProxy */;
		};
		22CF4EEF266605720005E810 /* PBXTargetDependency */ = {
			isa = PBXTargetDependency;
			target = 22CF4ECB266605710005E810 /* Palindrome */;
			targetProxy = 22CF4EEE266605720005E810 /* PBXContainerItemProxy */;
		};
/* End PBXTargetDependency section */

/* Begin PBXVariantGroup section */
		22CF4ED5266605710005E810 /* Main.storyboard */ = {
			isa = PBXVariantGroup;
			children = (
				22CF4ED6266605710005E810 /* Base */,
			);
			name = Main.storyboard;
			sourceTree = "<group>";
		};
		22CF4EDA266605720005E810 /* LaunchScreen.storyboard */ = {
			isa = PBXVariantGroup;
			children = (
				22CF4EDB266605720005E810 /* Base */,
			);
			name = LaunchScreen.storyboard;
			sourceTree = "<group>";
		};
/* End PBXVariantGroup section */

/* Begin XCBuildConfiguration section */
		22CF4EF4266605720005E810 /* Debug */ = {
			isa = XCBuildConfiguration;
			buildSettings = {
				ALWAYS_SEARCH_USER_PATHS = NO;
				CLANG_ANALYZER_NONNULL = YES;
				CLANG_ANALYZER_NUMBER_OBJECT_CONVERSION = YES_AGGRESSIVE;
				CLANG_CXX_LANGUAGE_STANDARD = "gnu++14";
				CLANG_CXX_LIBRARY = "libc++";
				CLANG_ENABLE_MODULES = YES;
				CLANG_ENABLE_OBJC_ARC = YES;
				CLANG_ENABLE_OBJC_WEAK = YES;
				CLANG_WARN_BLOCK_CAPTURE_AUTORELEASING = YES;
				CLANG_WARN_BOOL_CONVERSION = YES;
				CLANG_WARN_COMMA = YES;
				CLANG_WARN_CONSTANT_CONVERSION = YES;
				CLANG_WARN_DEPRECATED_OBJC_IMPLEMENTATIONS = YES;
				CLANG_WARN_DIRECT_OBJC_ISA_USAGE = YES_ERROR;
				CLANG_WARN_DOCUMENTATION_COMMENTS = YES;
				CLANG_WARN_EMPTY_BODY = YES;
				CLANG_WARN_ENUM_CONVERSION = YES;
				CLANG_WARN_INFINITE_RECURSION = YES;
				CLANG_WARN_INT_CONVERSION = YES;
				CLANG_WARN_NON_LITERAL_NULL_CONVERSION = YES;
				CLANG_WARN_OBJC_IMPLICIT_RETAIN_SELF = YES;
				CLANG_WARN_OBJC_LITERAL_CONVERSION = YES;
				CLANG_WARN_OBJC_ROOT_CLASS = YES_ERROR;
				CLANG_WARN_QUOTED_INCLUDE_IN_FRAMEWORK_HEADER = YES;
				CLANG_WARN_RANGE_LOOP_ANALYSIS = YES;
				CLANG_WARN_STRICT_PROTOTYPES = YES;
				CLANG_WARN_SUSPICIOUS_MOVE = YES;
				CLANG_WARN_UNGUARDED_AVAILABILITY = YES_AGGRESSIVE;
				CLANG_WARN_UNREACHABLE_CODE = YES;
				CLANG_WARN__DUPLICATE_METHOD_MATCH = YES;
				COPY_PHASE_STRIP = NO;
				DEBUG_INFORMATION_FORMAT = dwarf;
				ENABLE_STRICT_OBJC_MSGSEND = YES;
				ENABLE_TESTABILITY = YES;
				GCC_C_LANGUAGE_STANDARD = gnu11;
				GCC_DYNAMIC_NO_PIC = NO;
				GCC_NO_COMMON_BLOCKS = YES;
				GCC_OPTIMIZATION_LEVEL = 0;
				GCC_PREPROCESSOR_DEFINITIONS = (
					"DEBUG=1",
					"$(inherited)",
				);
				GCC_WARN_64_TO_32_BIT_CONVERSION = YES;
				GCC_WARN_ABOUT_RETURN_TYPE = YES_ERROR;
				GCC_WARN_UNDECLARED_SELECTOR = YES;
				GCC_WARN_UNINITIALIZED_AUTOS = YES_AGGRESSIVE;
				GCC_WARN_UNUSED_FUNCTION = YES;
				GCC_WARN_UNUSED_VARIABLE = YES;
				IPHONEOS_DEPLOYMENT_TARGET = 14.4;
				MTL_ENABLE_DEBUG_INFO = INCLUDE_SOURCE;
				MTL_FAST_MATH = YES;
				ONLY_ACTIVE_ARCH = YES;
				SDKROOT = iphoneos;
				SWIFT_ACTIVE_COMPILATION_CONDITIONS = DEBUG;
				SWIFT_OPTIMIZATION_LEVEL = "-Onone";
			};
			name = Debug;
		};
		22CF4EF5266605720005E810 /* Release */ = {
			isa = XCBuildConfiguration;
			buildSettings = {
				ALWAYS_SEARCH_USER_PATHS = NO;
				CLANG_ANALYZER_NONNULL = YES;
				CLANG_ANALYZER_NUMBER_OBJECT_CONVERSION = YES_AGGRESSIVE;
				CLANG_CXX_LANGUAGE_STANDARD = "gnu++14";
				CLANG_CXX_LIBRARY = "libc++";
				CLANG_ENABLE_MODULES = YES;
				CLANG_ENABLE_OBJC_ARC = YES;
				CLANG_ENABLE_OBJC_WEAK = YES;
				CLANG_WARN_BLOCK_CAPTURE_AUTORELEASING = YES;
				CLANG_WARN_BOOL_CONVERSION = YES;
				CLANG_WARN_COMMA = YES;
				CLANG_WARN_CONSTANT_CONVERSION = YES;
				CLANG_WARN_DEPRECATED_OBJC_IMPLEMENTATIONS = YES;
				CLANG_WARN_DIRECT_OBJC_ISA_USAGE = YES_ERROR;
				CLANG_WARN_DOCUMENTATION_COMMENTS = YES;
				CLANG_WARN_EMPTY_BODY = YES;
				CLANG_WARN_ENUM_CONVERSION = YES;
				CLANG_WARN_INFINITE_RECURSION = YES;
				CLANG_WARN_INT_CONVERSION = YES;
				CLANG_WARN_NON_LITERAL_NULL_CONVERSION = YES;
				CLANG_WARN_OBJC_IMPLICIT_RETAIN_SELF = YES;
				CLANG_WARN_OBJC_LITERAL_CONVERSION = YES;
				CLANG_WARN_OBJC_ROOT_CLASS = YES_ERROR;
				CLANG_WARN_QUOTED_INCLUDE_IN_FRAMEWORK_HEADER = YES;
				CLANG_WARN_RANGE_LOOP_ANALYSIS = YES;
				CLANG_WARN_STRICT_PROTOTYPES = YES;
				CLANG_WARN_SUSPICIOUS_MOVE = YES;
				CLANG_WARN_UNGUARDED_AVAILABILITY = YES_AGGRESSIVE;
				CLANG_WARN_UNREACHABLE_CODE = YES;
				CLANG_WARN__DUPLICATE_METHOD_MATCH = YES;
				COPY_PHASE_STRIP = NO;
				DEBUG_INFORMATION_FORMAT = "dwarf-with-dsym";
				ENABLE_NS_ASSERTIONS = NO;
				ENABLE_STRICT_OBJC_MSGSEND = YES;
				GCC_C_LANGUAGE_STANDARD = gnu11;
				GCC_NO_COMMON_BLOCKS = YES;
				GCC_WARN_64_TO_32_BIT_CONVERSION = YES;
				GCC_WARN_ABOUT_RETURN_TYPE = YES_ERROR;
				GCC_WARN_UNDECLARED_SELECTOR = YES;
				GCC_WARN_UNINITIALIZED_AUTOS = YES_AGGRESSIVE;
				GCC_WARN_UNUSED_FUNCTION = YES;
				GCC_WARN_UNUSED_VARIABLE = YES;
				IPHONEOS_DEPLOYMENT_TARGET = 14.4;
				MTL_ENABLE_DEBUG_INFO = NO;
				MTL_FAST_MATH = YES;
				SDKROOT = iphoneos;
				SWIFT_COMPILATION_MODE = wholemodule;
				SWIFT_OPTIMIZATION_LEVEL = "-O";
				VALIDATE_PRODUCT = YES;
			};
			name = Release;
		};
		22CF4EF7266605720005E810 /* Debug */ = {
			isa = XCBuildConfiguration;
			buildSettings = {
				ASSETCATALOG_COMPILER_APPICON_NAME = AppIcon;
				ASSETCATALOG_COMPILER_GLOBAL_ACCENT_COLOR_NAME = AccentColor;
				CODE_SIGN_STYLE = Automatic;
				DEVELOPMENT_TEAM = 568BW9C96K;
				INFOPLIST_FILE = Palindrome/Info.plist;
				LD_RUNPATH_SEARCH_PATHS = (
					"$(inherited)",
					"@executable_path/Frameworks",
				);
				PRODUCT_BUNDLE_IDENTIFIER = someName.Palindrome;
				PRODUCT_NAME = "$(TARGET_NAME)";
				SWIFT_VERSION = 5.0;
				TARGETED_DEVICE_FAMILY = "1,2";
			};
			name = Debug;
		};
		22CF4EF8266605720005E810 /* Release */ = {
			isa = XCBuildConfiguration;
			buildSettings = {
				ASSETCATALOG_COMPILER_APPICON_NAME = AppIcon;
				ASSETCATALOG_COMPILER_GLOBAL_ACCENT_COLOR_NAME = AccentColor;
				CODE_SIGN_STYLE = Automatic;
				DEVELOPMENT_TEAM = 568BW9C96K;
				INFOPLIST_FILE = Palindrome/Info.plist;
				LD_RUNPATH_SEARCH_PATHS = (
					"$(inherited)",
					"@executable_path/Frameworks",
				);
				PRODUCT_BUNDLE_IDENTIFIER = someName.Palindrome;
				PRODUCT_NAME = "$(TARGET_NAME)";
				SWIFT_VERSION = 5.0;
				TARGETED_DEVICE_FAMILY = "1,2";
			};
			name = Release;
		};
		22CF4EFA266605720005E810 /* Debug */ = {
			isa = XCBuildConfiguration;
			buildSettings = {
				ALWAYS_EMBED_SWIFT_STANDARD_LIBRARIES = YES;
				BUNDLE_LOADER = "$(TEST_HOST)";
				CODE_SIGN_STYLE = Automatic;
				DEVELOPMENT_TEAM = 568BW9C96K;
				INFOPLIST_FILE = PalindromeTests/Info.plist;
				IPHONEOS_DEPLOYMENT_TARGET = 14.4;
				LD_RUNPATH_SEARCH_PATHS = (
					"$(inherited)",
					"@executable_path/Frameworks",
					"@loader_path/Frameworks",
				);
				PRODUCT_BUNDLE_IDENTIFIER = someName.PalindromeTests;
				PRODUCT_NAME = "$(TARGET_NAME)";
				SWIFT_VERSION = 5.0;
				TARGETED_DEVICE_FAMILY = "1,2";
				TEST_HOST = "$(BUILT_PRODUCTS_DIR)/Palindrome.app/Palindrome";
			};
			name = Debug;
		};
		22CF4EFB266605720005E810 /* Release */ = {
			isa = XCBuildConfiguration;
			buildSettings = {
				ALWAYS_EMBED_SWIFT_STANDARD_LIBRARIES = YES;
				BUNDLE_LOADER = "$(TEST_HOST)";
				CODE_SIGN_STYLE = Automatic;
				DEVELOPMENT_TEAM = 568BW9C96K;
				INFOPLIST_FILE = PalindromeTests/Info.plist;
				IPHONEOS_DEPLOYMENT_TARGET = 14.4;
				LD_RUNPATH_SEARCH_PATHS = (
					"$(inherited)",
					"@executable_path/Frameworks",
					"@loader_path/Frameworks",
				);
				PRODUCT_BUNDLE_IDENTIFIER = someName.PalindromeTests;
				PRODUCT_NAME = "$(TARGET_NAME)";
				SWIFT_VERSION = 5.0;
				TARGETED_DEVICE_FAMILY = "1,2";
				TEST_HOST = "$(BUILT_PRODUCTS_DIR)/Palindrome.app/Palindrome";
			};
			name = Release;
		};
		22CF4EFD266605720005E810 /* Debug */ = {
			isa = XCBuildConfiguration;
			buildSettings = {
				ALWAYS_EMBED_SWIFT_STANDARD_LIBRARIES = YES;
				CODE_SIGN_STYLE = Automatic;
				DEVELOPMENT_TEAM = 568BW9C96K;
				INFOPLIST_FILE = PalindromeUITests/Info.plist;
				LD_RUNPATH_SEARCH_PATHS = (
					"$(inherited)",
					"@executable_path/Frameworks",
					"@loader_path/Frameworks",
				);
				PRODUCT_BUNDLE_IDENTIFIER = someName.PalindromeUITests;
				PRODUCT_NAME = "$(TARGET_NAME)";
				SWIFT_VERSION = 5.0;
				TARGETED_DEVICE_FAMILY = "1,2";
				TEST_TARGET_NAME = Palindrome;
			};
			name = Debug;
		};
		22CF4EFE266605720005E810 /* Release */ = {
			isa = XCBuildConfiguration;
			buildSettings = {
				ALWAYS_EMBED_SWIFT_STANDARD_LIBRARIES = YES;
				CODE_SIGN_STYLE = Automatic;
				DEVELOPMENT_TEAM = 568BW9C96K;
				INFOPLIST_FILE = PalindromeUITests/Info.plist;
				LD_RUNPATH_SEARCH_PATHS = (
					"$(inherited)",
					"@executable_path/Frameworks",
					"@loader_path/Frameworks",
				);
				PRODUCT_BUNDLE_IDENTIFIER = someName.PalindromeUITests;
				PRODUCT_NAME = "$(TARGET_NAME)";
				SWIFT_VERSION = 5.0;
				TARGETED_DEVICE_FAMILY = "1,2";
				TEST_TARGET_NAME = Palindrome;
			};
			name = Release;
		};
/* End XCBuildConfiguration section */

/* Begin XCConfigurationList section */
		22CF4EC7266605710005E810 /* Build configuration list for PBXProject "Palindrome" */ = {
			isa = XCConfigurationList;
			buildConfigurations = (
				22CF4EF4266605720005E810 /* Debug */,
				22CF4EF5266605720005E810 /* Release */,
			);
			defaultConfigurationIsVisible = 0;
			defaultConfigurationName = Release;
		};
		22CF4EF6266605720005E810 /* Build configuration list for PBXNativeTarget "Palindrome" */ = {
			isa = XCConfigurationList;
			buildConfigurations = (
				22CF4EF7266605720005E810 /* Debug */,
				22CF4EF8266605720005E810 /* Release */,
			);
			defaultConfigurationIsVisible = 0;
			defaultConfigurationName = Release;
		};
		22CF4EF9266605720005E810 /* Build configuration list for PBXNativeTarget "PalindromeTests" */ = {
			isa = XCConfigurationList;
			buildConfigurations = (
				22CF4EFA266605720005E810 /* Debug */,
				22CF4EFB266605720005E810 /* Release */,
			);
			defaultConfigurationIsVisible = 0;
			defaultConfigurationName = Release;
		};
		22CF4EFC266605720005E810 /* Build configuration list for PBXNativeTarget "PalindromeUITests" */ = {
			isa = XCConfigurationList;
			buildConfigurations = (
				22CF4EFD266605720005E810 /* Debug */,
				22CF4EFE266605720005E810 /* Release */,
			);
			defaultConfigurationIsVisible = 0;
			defaultConfigurationName = Release;
		};
/* End XCConfigurationList section */
	};
	rootObject = 22CF4EC4266605710005E810 /* Project object */;
}
